// !$*UTF8*$!
{
	archiveVersion = 1;
	classes = {
	};
	objectVersion = 46;
	objects = {

/* Begin PBXBuildFile section */
		8F4D7E051AD26B4D00608AA3 /* AppDelegate.m in Sources */ = {isa = PBXBuildFile; fileRef = 8F4D7E041AD26B4D00608AA3 /* AppDelegate.m */; };
		8F4D7E071AD26B4D00608AA3 /* main.m in Sources */ = {isa = PBXBuildFile; fileRef = 8F4D7E061AD26B4D00608AA3 /* main.m */; };
		8F4D7E091AD26B4D00608AA3 /* Images.xcassets in Resources */ = {isa = PBXBuildFile; fileRef = 8F4D7E081AD26B4D00608AA3 /* Images.xcassets */; };
		8F4D7E0C1AD26B4D00608AA3 /* MainMenu.xib in Resources */ = {isa = PBXBuildFile; fileRef = 8F4D7E0A1AD26B4D00608AA3 /* MainMenu.xib */; };
		8F4D7E181AD26B4D00608AA3 /* MXMarqueeTextDemoTests.m in Sources */ = {isa = PBXBuildFile; fileRef = 8F4D7E171AD26B4D00608AA3 /* MXMarqueeTextDemoTests.m */; };
		8F4D7E231AD26BA600608AA3 /* MXMarqueeText.m in Sources */ = {isa = PBXBuildFile; fileRef = 8F4D7E221AD26BA600608AA3 /* MXMarqueeText.m */; };
		8F4D7E251AD26F1900608AA3 /* QuartzCore.framework in Frameworks */ = {isa = PBXBuildFile; fileRef = 8F4D7E241AD26F1900608AA3 /* QuartzCore.framework */; };
		8F4D7E271AD26F2100608AA3 /* Cocoa.framework in Frameworks */ = {isa = PBXBuildFile; fileRef = 8F4D7E261AD26F2100608AA3 /* Cocoa.framework */; };
/* End PBXBuildFile section */

/* Begin PBXContainerItemProxy section */
		8F4D7E121AD26B4D00608AA3 /* PBXContainerItemProxy */ = {
			isa = PBXContainerItemProxy;
			containerPortal = 8F4D7DF61AD26B4D00608AA3 /* Project object */;
			proxyType = 1;
			remoteGlobalIDString = 8F4D7DFD1AD26B4D00608AA3;
			remoteInfo = MXMarqueeTextDemo;
		};
/* End PBXContainerItemProxy section */

/* Begin PBXFileReference section */
		8F4D7DFE1AD26B4D00608AA3 /* MXMarqueeTextDemo.app */ = {isa = PBXFileReference; explicitFileType = wrapper.application; includeInIndex = 0; path = MXMarqueeTextDemo.app; sourceTree = BUILT_PRODUCTS_DIR; };
		8F4D7E021AD26B4D00608AA3 /* Info.plist */ = {isa = PBXFileReference; lastKnownFileType = text.plist.xml; path = Info.plist; sourceTree = "<group>"; };
		8F4D7E031AD26B4D00608AA3 /* AppDelegate.h */ = {isa = PBXFileReference; lastKnownFileType = sourcecode.c.h; path = AppDelegate.h; sourceTree = "<group>"; };
		8F4D7E041AD26B4D00608AA3 /* AppDelegate.m */ = {isa = PBXFileReference; lastKnownFileType = sourcecode.c.objc; path = AppDelegate.m; sourceTree = "<group>"; };
		8F4D7E061AD26B4D00608AA3 /* main.m */ = {isa = PBXFileReference; lastKnownFileType = sourcecode.c.objc; path = main.m; sourceTree = "<group>"; };
		8F4D7E081AD26B4D00608AA3 /* Images.xcassets */ = {isa = PBXFileReference; lastKnownFileType = folder.assetcatalog; path = Images.xcassets; sourceTree = "<group>"; };
		8F4D7E0B1AD26B4D00608AA3 /* Base */ = {isa = PBXFileReference; lastKnownFileType = file.xib; name = Base; path = Base.lproj/MainMenu.xib; sourceTree = "<group>"; };
		8F4D7E111AD26B4D00608AA3 /* MXMarqueeTextDemoTests.xctest */ = {isa = PBXFileReference; explicitFileType = wrapper.cfbundle; includeInIndex = 0; path = MXMarqueeTextDemoTests.xctest; sourceTree = BUILT_PRODUCTS_DIR; };
		8F4D7E161AD26B4D00608AA3 /* Info.plist */ = {isa = PBXFileReference; lastKnownFileType = text.plist.xml; path = Info.plist; sourceTree = "<group>"; };
		8F4D7E171AD26B4D00608AA3 /* MXMarqueeTextDemoTests.m */ = {isa = PBXFileReference; lastKnownFileType = sourcecode.c.objc; path = MXMarqueeTextDemoTests.m; sourceTree = "<group>"; };
		8F4D7E211AD26BA600608AA3 /* MXMarqueeText.h */ = {isa = PBXFileReference; fileEncoding = 4; lastKnownFileType = sourcecode.c.h; name = MXMarqueeText.h; path = ../../MXMarqueeText/MXMarqueeText.h; sourceTree = "<group>"; };
		8F4D7E221AD26BA600608AA3 /* MXMarqueeText.m */ = {isa = PBXFileReference; fileEncoding = 4; lastKnownFileType = sourcecode.c.objc; name = MXMarqueeText.m; path = ../../MXMarqueeText/MXMarqueeText.m; sourceTree = "<group>"; };
		8F4D7E241AD26F1900608AA3 /* QuartzCore.framework */ = {isa = PBXFileReference; lastKnownFileType = wrapper.framework; name = QuartzCore.framework; path = System/Library/Frameworks/QuartzCore.framework; sourceTree = SDKROOT; };
		8F4D7E261AD26F2100608AA3 /* Cocoa.framework */ = {isa = PBXFileReference; lastKnownFileType = wrapper.framework; name = Cocoa.framework; path = System/Library/Frameworks/Cocoa.framework; sourceTree = SDKROOT; };
/* End PBXFileReference section */

/* Begin PBXFrameworksBuildPhase section */
		8F4D7DFB1AD26B4D00608AA3 /* Frameworks */ = {
			isa = PBXFrameworksBuildPhase;
			buildActionMask = 2147483647;
			files = (
				8F4D7E271AD26F2100608AA3 /* Cocoa.framework in Frameworks */,
				8F4D7E251AD26F1900608AA3 /* QuartzCore.framework in Frameworks */,
			);
			runOnlyForDeploymentPostprocessing = 0;
		};
		8F4D7E0E1AD26B4D00608AA3 /* Frameworks */ = {
			isa = PBXFrameworksBuildPhase;
			buildActionMask = 2147483647;
			files = (
			);
			runOnlyForDeploymentPostprocessing = 0;
		};
/* End PBXFrameworksBuildPhase section */

/* Begin PBXGroup section */
		8F4D7DF51AD26B4D00608AA3 = {
			isa = PBXGroup;
			children = (
				8F4D7E261AD26F2100608AA3 /* Cocoa.framework */,
				8F4D7E241AD26F1900608AA3 /* QuartzCore.framework */,
				8F4D7E001AD26B4D00608AA3 /* MXMarqueeTextDemo */,
				8F4D7E141AD26B4D00608AA3 /* MXMarqueeTextDemoTests */,
				8F4D7DFF1AD26B4D00608AA3 /* Products */,
			);
			sourceTree = "<group>";
		};
		8F4D7DFF1AD26B4D00608AA3 /* Products */ = {
			isa = PBXGroup;
			children = (
				8F4D7DFE1AD26B4D00608AA3 /* MXMarqueeTextDemo.app */,
				8F4D7E111AD26B4D00608AA3 /* MXMarqueeTextDemoTests.xctest */,
			);
			name = Products;
			sourceTree = "<group>";
		};
		8F4D7E001AD26B4D00608AA3 /* MXMarqueeTextDemo */ = {
			isa = PBXGroup;
			children = (
				8F4D7E211AD26BA600608AA3 /* MXMarqueeText.h */,
				8F4D7E221AD26BA600608AA3 /* MXMarqueeText.m */,
				8F4D7E031AD26B4D00608AA3 /* AppDelegate.h */,
				8F4D7E041AD26B4D00608AA3 /* AppDelegate.m */,
				8F4D7E081AD26B4D00608AA3 /* Images.xcassets */,
				8F4D7E0A1AD26B4D00608AA3 /* MainMenu.xib */,
				8F4D7E011AD26B4D00608AA3 /* Supporting Files */,
			);
			path = MXMarqueeTextDemo;
			sourceTree = "<group>";
		};
		8F4D7E011AD26B4D00608AA3 /* Supporting Files */ = {
			isa = PBXGroup;
			children = (
				8F4D7E021AD26B4D00608AA3 /* Info.plist */,
				8F4D7E061AD26B4D00608AA3 /* main.m */,
			);
			name = "Supporting Files";
			sourceTree = "<group>";
		};
		8F4D7E141AD26B4D00608AA3 /* MXMarqueeTextDemoTests */ = {
			isa = PBXGroup;
			children = (
				8F4D7E171AD26B4D00608AA3 /* MXMarqueeTextDemoTests.m */,
				8F4D7E151AD26B4D00608AA3 /* Supporting Files */,
			);
			path = MXMarqueeTextDemoTests;
			sourceTree = "<group>";
		};
		8F4D7E151AD26B4D00608AA3 /* Supporting Files */ = {
			isa = PBXGroup;
			children = (
				8F4D7E161AD26B4D00608AA3 /* Info.plist */,
			);
			name = "Supporting Files";
			sourceTree = "<group>";
		};
/* End PBXGroup section */

/* Begin PBXNativeTarget section */
		8F4D7DFD1AD26B4D00608AA3 /* MXMarqueeTextDemo */ = {
			isa = PBXNativeTarget;
			buildConfigurationList = 8F4D7E1B1AD26B4D00608AA3 /* Build configuration list for PBXNativeTarget "MXMarqueeTextDemo" */;
			buildPhases = (
				8F4D7DFA1AD26B4D00608AA3 /* Sources */,
				8F4D7DFB1AD26B4D00608AA3 /* Frameworks */,
				8F4D7DFC1AD26B4D00608AA3 /* Resources */,
			);
			buildRules = (
			);
			dependencies = (
			);
			name = MXMarqueeTextDemo;
			productName = MXMarqueeTextDemo;
			productReference = 8F4D7DFE1AD26B4D00608AA3 /* MXMarqueeTextDemo.app */;
			productType = "com.apple.product-type.application";
		};
		8F4D7E101AD26B4D00608AA3 /* MXMarqueeTextDemoTests */ = {
			isa = PBXNativeTarget;
			buildConfigurationList = 8F4D7E1E1AD26B4D00608AA3 /* Build configuration list for PBXNativeTarget "MXMarqueeTextDemoTests" */;
			buildPhases = (
				8F4D7E0D1AD26B4D00608AA3 /* Sources */,
				8F4D7E0E1AD26B4D00608AA3 /* Frameworks */,
				8F4D7E0F1AD26B4D00608AA3 /* Resources */,
			);
			buildRules = (
			);
			dependencies = (
				8F4D7E131AD26B4D00608AA3 /* PBXTargetDependency */,
			);
			name = MXMarqueeTextDemoTests;
			productName = MXMarqueeTextDemoTests;
			productReference = 8F4D7E111AD26B4D00608AA3 /* MXMarqueeTextDemoTests.xctest */;
			productType = "com.apple.product-type.bundle.unit-test";
		};
/* End PBXNativeTarget section */

/* Begin PBXProject section */
		8F4D7DF61AD26B4D00608AA3 /* Project object */ = {
			isa = PBXProject;
			attributes = {
				LastUpgradeCheck = 0620;
				ORGANIZATIONNAME = "Matt Borgerson";
				TargetAttributes = {
					8F4D7DFD1AD26B4D00608AA3 = {
						CreatedOnToolsVersion = 6.2;
					};
					8F4D7E101AD26B4D00608AA3 = {
						CreatedOnToolsVersion = 6.2;
						TestTargetID = 8F4D7DFD1AD26B4D00608AA3;
					};
				};
			};
			buildConfigurationList = 8F4D7DF91AD26B4D00608AA3 /* Build configuration list for PBXProject "MXMarqueeTextDemo" */;
			compatibilityVersion = "Xcode 3.2";
			developmentRegion = English;
			hasScannedForEncodings = 0;
			knownRegions = (
				en,
				Base,
			);
			mainGroup = 8F4D7DF51AD26B4D00608AA3;
			productRefGroup = 8F4D7DFF1AD26B4D00608AA3 /* Products */;
			projectDirPath = "";
			projectRoot = "";
			targets = (
				8F4D7DFD1AD26B4D00608AA3 /* MXMarqueeTextDemo */,
				8F4D7E101AD26B4D00608AA3 /* MXMarqueeTextDemoTests */,
			);
		};
/* End PBXProject section */

/* Begin PBXResourcesBuildPhase section */
		8F4D7DFC1AD26B4D00608AA3 /* Resources */ = {
			isa = PBXResourcesBuildPhase;
			buildActionMask = 2147483647;
			files = (
				8F4D7E091AD26B4D00608AA3 /* Images.xcassets in Resources */,
				8F4D7E0C1AD26B4D00608AA3 /* MainMenu.xib in Resources */,
			);
			runOnlyForDeploymentPostprocessing = 0;
		};
		8F4D7E0F1AD26B4D00608AA3 /* Resources */ = {
			isa = PBXResourcesBuildPhase;
			buildActionMask = 2147483647;
			files = (
			);
			runOnlyForDeploymentPostprocessing = 0;
		};
/* End PBXResourcesBuildPhase section */

/* Begin PBXSourcesBuildPhase section */
		8F4D7DFA1AD26B4D00608AA3 /* Sources */ = {
			isa = PBXSourcesBuildPhase;
			buildActionMask = 2147483647;
			files = (
				8F4D7E071AD26B4D00608AA3 /* main.m in Sources */,
				8F4D7E231AD26BA600608AA3 /* MXMarqueeText.m in Sources */,
				8F4D7E051AD26B4D00608AA3 /* AppDelegate.m in Sources */,
			);
			runOnlyForDeploymentPostprocessing = 0;
		};
		8F4D7E0D1AD26B4D00608AA3 /* Sources */ = {
			isa = PBXSourcesBuildPhase;
			buildActionMask = 2147483647;
			files = (
				8F4D7E181AD26B4D00608AA3 /* MXMarqueeTextDemoTests.m in Sources */,
			);
			runOnlyForDeploymentPostprocessing = 0;
		};
/* End PBXSourcesBuildPhase section */

/* Begin PBXTargetDependency section */
		8F4D7E131AD26B4D00608AA3 /* PBXTargetDependency */ = {
			isa = PBXTargetDependency;
			target = 8F4D7DFD1AD26B4D00608AA3 /* MXMarqueeTextDemo */;
			targetProxy = 8F4D7E121AD26B4D00608AA3 /* PBXContainerItemProxy */;
		};
/* End PBXTargetDependency section */

/* Begin PBXVariantGroup section */
		8F4D7E0A1AD26B4D00608AA3 /* MainMenu.xib */ = {
			isa = PBXVariantGroup;
			children = (
				8F4D7E0B1AD26B4D00608AA3 /* Base */,
			);
			name = MainMenu.xib;
			sourceTree = "<group>";
		};
/* End PBXVariantGroup section */

/* Begin XCBuildConfiguration section */
		8F4D7E191AD26B4D00608AA3 /* Debug */ = {
			isa = XCBuildConfiguration;
			buildSettings = {
				ALWAYS_SEARCH_USER_PATHS = NO;
				CLANG_CXX_LANGUAGE_STANDARD = "gnu++0x";
				CLANG_CXX_LIBRARY = "libc++";
				CLANG_ENABLE_MODULES = YES;
				CLANG_ENABLE_OBJC_ARC = YES;
				CLANG_WARN_BOOL_CONVERSION = YES;
				CLANG_WARN_CONSTANT_CONVERSION = YES;
				CLANG_WARN_DIRECT_OBJC_ISA_USAGE = YES_ERROR;
				CLANG_WARN_EMPTY_BODY = YES;
				CLANG_WARN_ENUM_CONVERSION = YES;
				CLANG_WARN_INT_CONVERSION = YES;
				CLANG_WARN_OBJC_ROOT_CLASS = YES_ERROR;
				CLANG_WARN_UNREACHABLE_CODE = YES;
				CLANG_WARN__DUPLICATE_METHOD_MATCH = YES;
				CODE_SIGN_IDENTITY = "-";
				COPY_PHASE_STRIP = NO;
				ENABLE_STRICT_OBJC_MSGSEND = YES;
				GCC_C_LANGUAGE_STANDARD = gnu99;
				GCC_DYNAMIC_NO_PIC = NO;
				GCC_OPTIMIZATION_LEVEL = 0;
				GCC_PREPROCESSOR_DEFINITIONS = (
					"DEBUG=1",
					"$(inherited)",
				);
				GCC_SYMBOLS_PRIVATE_EXTERN = NO;
				GCC_WARN_64_TO_32_BIT_CONVERSION = YES;
				GCC_WARN_ABOUT_RETURN_TYPE = YES_ERROR;
				GCC_WARN_UNDECLARED_SELECTOR = YES;
				GCC_WARN_UNINITIALIZED_AUTOS = YES_AGGRESSIVE;
				GCC_WARN_UNUSED_FUNCTION = YES;
				GCC_WARN_UNUSED_VARIABLE = YES;
				MACOSX_DEPLOYMENT_TARGET = 10.10;
				MTL_ENABLE_DEBUG_INFO = YES;
				ONLY_ACTIVE_ARCH = YES;
				SDKROOT = macosx;
			};
			name = Debug;
		};
		8F4D7E1A1AD26B4D00608AA3 /* Release */ = {
			isa = XCBuildConfiguration;
			buildSettings = {
				ALWAYS_SEARCH_USER_PATHS = NO;
				CLANG_CXX_LANGUAGE_STANDARD = "gnu++0x";
				CLANG_CXX_LIBRARY = "libc++";
				CLANG_ENABLE_MODULES = YES;
				CLANG_ENABLE_OBJC_ARC = YES;
				CLANG_WARN_BOOL_CONVERSION = YES;
				CLANG_WARN_CONSTANT_CONVERSION = YES;
				CLANG_WARN_DIRECT_OBJC_ISA_USAGE = YES_ERROR;
				CLANG_WARN_EMPTY_BODY = YES;
				CLANG_WARN_ENUM_CONVERSION = YES;
				CLANG_WARN_INT_CONVERSION = YES;
				CLANG_WARN_OBJC_ROOT_CLASS = YES_ERROR;
				CLANG_WARN_UNREACHABLE_CODE = YES;
				CLANG_WARN__DUPLICATE_METHOD_MATCH = YES;
				CODE_SIGN_IDENTITY = "-";
				COPY_PHASE_STRIP = NO;
				DEBUG_INFORMATION_FORMAT = "dwarf-with-dsym";
				ENABLE_NS_ASSERTIONS = NO;
				ENABLE_STRICT_OBJC_MSGSEND = YES;
				GCC_C_LANGUAGE_STANDARD = gnu99;
				GCC_WARN_64_TO_32_BIT_CONVERSION = YES;
				GCC_WARN_ABOUT_RETURN_TYPE = YES_ERROR;
				GCC_WARN_UNDECLARED_SELECTOR = YES;
				GCC_WARN_UNINITIALIZED_AUTOS = YES_AGGRESSIVE;
				GCC_WARN_UNUSED_FUNCTION = YES;
				GCC_WARN_UNUSED_VARIABLE = YES;
				MACOSX_DEPLOYMENT_TARGET = 10.10;
				MTL_ENABLE_DEBUG_INFO = NO;
				SDKROOT = macosx;
			};
			name = Release;
		};
		8F4D7E1C1AD26B4D00608AA3 /* Debug */ = {
			isa = XCBuildConfiguration;
			buildSettings = {
				ASSETCATALOG_COMPILER_APPICON_NAME = AppIcon;
				COMBINE_HIDPI_IMAGES = YES;
				INFOPLIST_FILE = MXMarqueeTextDemo/Info.plist;
				LD_RUNPATH_SEARCH_PATHS = "$(inherited) @executable_path/../Frameworks";
				PRODUCT_NAME = "$(TARGET_NAME)";
			};
			name = Debug;
		};
		8F4D7E1D1AD26B4D00608AA3 /* Release */ = {
			isa = XCBuildConfiguration;
			buildSettings = {
				ASSETCATALOG_COMPILER_APPICON_NAME = AppIcon;
				COMBINE_HIDPI_IMAGES = YES;
				INFOPLIST_FILE = MXMarqueeTextDemo/Info.plist;
				LD_RUNPATH_SEARCH_PATHS = "$(inherited) @executable_path/../Frameworks";
				PRODUCT_NAME = "$(TARGET_NAME)";
			};
			name = Release;
		};
		8F4D7E1F1AD26B4D00608AA3 /* Debug */ = {
			isa = XCBuildConfiguration;
			buildSettings = {
				BUNDLE_LOADER = "$(TEST_HOST)";
				COMBINE_HIDPI_IMAGES = YES;
				FRAMEWORK_SEARCH_PATHS = (
					"$(DEVELOPER_FRAMEWORKS_DIR)",
					"$(inherited)",
				);
				GCC_PREPROCESSOR_DEFINITIONS = (
					"DEBUG=1",
					"$(inherited)",
				);
				INFOPLIST_FILE = MXMarqueeTextDemoTests/Info.plist;
				LD_RUNPATH_SEARCH_PATHS = "$(inherited) @executable_path/../Frameworks @loader_path/../Frameworks";
				PRODUCT_NAME = "$(TARGET_NAME)";
				TEST_HOST = "$(BUILT_PRODUCTS_DIR)/MXMarqueeTextDemo.app/Contents/MacOS/MXMarqueeTextDemo";
			};
			name = Debug;
		};
		8F4D7E201AD26B4D00608AA3 /* Release */ = {
			isa = XCBuildConfiguration;
			buildSettings = {
				BUNDLE_LOADER = "$(TEST_HOST)";
				COMBINE_HIDPI_IMAGES = YES;
				FRAMEWORK_SEARCH_PATHS = (
					"$(DEVELOPER_FRAMEWORKS_DIR)",
					"$(inherited)",
				);
				INFOPLIST_FILE = MXMarqueeTextDemoTests/Info.plist;
				LD_RUNPATH_SEARCH_PATHS = "$(inherited) @executable_path/../Frameworks @loader_path/../Frameworks";
				PRODUCT_NAME = "$(TARGET_NAME)";
				TEST_HOST = "$(BUILT_PRODUCTS_DIR)/MXMarqueeTextDemo.app/Contents/MacOS/MXMarqueeTextDemo";
			};
			name = Release;
		};
/* End XCBuildConfiguration section */

/* Begin XCConfigurationList section */
		8F4D7DF91AD26B4D00608AA3 /* Build configuration list for PBXProject "MXMarqueeTextDemo" */ = {
			isa = XCConfigurationList;
			buildConfigurations = (
				8F4D7E191AD26B4D00608AA3 /* Debug */,
				8F4D7E1A1AD26B4D00608AA3 /* Release */,
			);
			defaultConfigurationIsVisible = 0;
			defaultConfigurationName = Release;
		};
		8F4D7E1B1AD26B4D00608AA3 /* Build configuration list for PBXNativeTarget "MXMarqueeTextDemo" */ = {
			isa = XCConfigurationList;
			buildConfigurations = (
				8F4D7E1C1AD26B4D00608AA3 /* Debug */,
				8F4D7E1D1AD26B4D00608AA3 /* Release */,
			);
			defaultConfigurationIsVisible = 0;
		};
		8F4D7E1E1AD26B4D00608AA3 /* Build configuration list for PBXNativeTarget "MXMarqueeTextDemoTests" */ = {
			isa = XCConfigurationList;
			buildConfigurations = (
				8F4D7E1F1AD26B4D00608AA3 /* Debug */,
				8F4D7E201AD26B4D00608AA3 /* Release */,
			);
			defaultConfigurationIsVisible = 0;
		};
/* End XCConfigurationList section */
	};
	rootObject = 8F4D7DF61AD26B4D00608AA3 /* Project object */;
}
